
Microsoft Visual Studio Solution File, Format Version 12.00
# Visual Studio Version 16
VisualStudioVersion = 16.6.30114.105
MinimumVisualStudioVersion = 10.0.40219.1
Project("{2150E333-8FDC-42A3-9474-1A3956D46DE8}") = "src", "src", "{07F56D93-0444-4E4D-868A-6156B4412FAC}"
EndProject
Project("{FAE04EC0-301F-11D3-BF4B-00C04F79EFBC}") = "Portal.Data", "src\Portal.Data\Portal.Data.csproj", "{F1E6978F-97D4-40DB-B1F8-72A84C864F1B}"
EndProject
Project("{2150E333-8FDC-42A3-9474-1A3956D46DE8}") = "test", "test", "{E73C605B-52EF-4235-8A37-0A6E415A1FE2}"
EndProject
Project("{FAE04EC0-301F-11D3-BF4B-00C04F79EFBC}") = "Portal.Data.Tests", "test\Portal.Data.Tests\Portal.Data.Tests.csproj", "{2987D1E2-B050-4C7A-9074-1C0A8FB42E29}"
EndProject
Project("{FAE04EC0-301F-11D3-BF4B-00C04F79EFBC}") = "Portal.Api", "src\Portal.Api\Portal.Api.csproj", "{B563A3A7-4BFF-4C2B-90CA-AB40EFA644E2}"
EndProject
Project("{FAE04EC0-301F-11D3-BF4B-00C04F79EFBC}") = "Portal.Web", "src\Portal.Web\Portal.Web.csproj", "{7368B6ED-92FA-453A-B11E-4695AF63A548}"
EndProject
Project("{FAE04EC0-301F-11D3-BF4B-00C04F79EFBC}") = "Portal.Api.Tests", "test\Portal.Api.Tests\Portal.Api.Tests.csproj", "{3980D837-0D88-49D4-BFD9-BF2EAC39D7CE}"
EndProject
Project("{FAE04EC0-301F-11D3-BF4B-00C04F79EFBC}") = "Portal.Web.Tests", "test\Portal.Web.Tests\Portal.Web.Tests.csproj", "{74D87B5C-23A3-446D-A812-61729625BFE1}"
EndProject
Global
	GlobalSection(SolutionConfigurationPlatforms) = preSolution
		Debug|Any CPU = Debug|Any CPU
		Debug|x64 = Debug|x64
		Debug|x86 = Debug|x86
		Release|Any CPU = Release|Any CPU
		Release|x64 = Release|x64
		Release|x86 = Release|x86
	EndGlobalSection
	GlobalSection(SolutionProperties) = preSolution
		HideSolutionNode = FALSE
	EndGlobalSection
	GlobalSection(ProjectConfigurationPlatforms) = postSolution
		{F1E6978F-97D4-40DB-B1F8-72A84C864F1B}.Debug|Any CPU.ActiveCfg = Debug|Any CPU
		{F1E6978F-97D4-40DB-B1F8-72A84C864F1B}.Debug|Any CPU.Build.0 = Debug|Any CPU
		{F1E6978F-97D4-40DB-B1F8-72A84C864F1B}.Debug|x64.ActiveCfg = Debug|Any CPU
		{F1E6978F-97D4-40DB-B1F8-72A84C864F1B}.Debug|x64.Build.0 = Debug|Any CPU
		{F1E6978F-97D4-40DB-B1F8-72A84C864F1B}.Debug|x86.ActiveCfg = Debug|Any CPU
		{F1E6978F-97D4-40DB-B1F8-72A84C864F1B}.Debug|x86.Build.0 = Debug|Any CPU
		{F1E6978F-97D4-40DB-B1F8-72A84C864F1B}.Release|Any CPU.ActiveCfg = Release|Any CPU
		{F1E6978F-97D4-40DB-B1F8-72A84C864F1B}.Release|Any CPU.Build.0 = Release|Any CPU
		{F1E6978F-97D4-40DB-B1F8-72A84C864F1B}.Release|x64.ActiveCfg = Release|Any CPU
		{F1E6978F-97D4-40DB-B1F8-72A84C864F1B}.Release|x64.Build.0 = Release|Any CPU
		{F1E6978F-97D4-40DB-B1F8-72A84C864F1B}.Release|x86.ActiveCfg = Release|Any CPU
		{F1E6978F-97D4-40DB-B1F8-72A84C864F1B}.Release|x86.Build.0 = Release|Any CPU
		{2987D1E2-B050-4C7A-9074-1C0A8FB42E29}.Debug|Any CPU.ActiveCfg = Debug|Any CPU
		{2987D1E2-B050-4C7A-9074-1C0A8FB42E29}.Debug|Any CPU.Build.0 = Debug|Any CPU
		{2987D1E2-B050-4C7A-9074-1C0A8FB42E29}.Debug|x64.ActiveCfg = Debug|Any CPU
		{2987D1E2-B050-4C7A-9074-1C0A8FB42E29}.Debug|x64.Build.0 = Debug|Any CPU
		{2987D1E2-B050-4C7A-9074-1C0A8FB42E29}.Debug|x86.ActiveCfg = Debug|Any CPU
		{2987D1E2-B050-4C7A-9074-1C0A8FB42E29}.Debug|x86.Build.0 = Debug|Any CPU
		{2987D1E2-B050-4C7A-9074-1C0A8FB42E29}.Release|Any CPU.ActiveCfg = Release|Any CPU
		{2987D1E2-B050-4C7A-9074-1C0A8FB42E29}.Release|Any CPU.Build.0 = Release|Any CPU
		{2987D1E2-B050-4C7A-9074-1C0A8FB42E29}.Release|x64.ActiveCfg = Release|Any CPU
		{2987D1E2-B050-4C7A-9074-1C0A8FB42E29}.Release|x64.Build.0 = Release|Any CPU
		{2987D1E2-B050-4C7A-9074-1C0A8FB42E29}.Release|x86.ActiveCfg = Release|Any CPU
		{2987D1E2-B050-4C7A-9074-1C0A8FB42E29}.Release|x86.Build.0 = Release|Any CPU
		{B563A3A7-4BFF-4C2B-90CA-AB40EFA644E2}.Debug|Any CPU.ActiveCfg = Debug|Any CPU
		{B563A3A7-4BFF-4C2B-90CA-AB40EFA644E2}.Debug|Any CPU.Build.0 = Debug|Any CPU
		{B563A3A7-4BFF-4C2B-90CA-AB40EFA644E2}.Debug|x64.ActiveCfg = Debug|Any CPU
		{B563A3A7-4BFF-4C2B-90CA-AB40EFA644E2}.Debug|x64.Build.0 = Debug|Any CPU
		{B563A3A7-4BFF-4C2B-90CA-AB40EFA644E2}.Debug|x86.ActiveCfg = Debug|Any CPU
		{B563A3A7-4BFF-4C2B-90CA-AB40EFA644E2}.Debug|x86.Build.0 = Debug|Any CPU
		{B563A3A7-4BFF-4C2B-90CA-AB40EFA644E2}.Release|Any CPU.ActiveCfg = Release|Any CPU
		{B563A3A7-4BFF-4C2B-90CA-AB40EFA644E2}.Release|Any CPU.Build.0 = Release|Any CPU
		{B563A3A7-4BFF-4C2B-90CA-AB40EFA644E2}.Release|x64.ActiveCfg = Release|Any CPU
		{B563A3A7-4BFF-4C2B-90CA-AB40EFA644E2}.Release|x64.Build.0 = Release|Any CPU
		{B563A3A7-4BFF-4C2B-90CA-AB40EFA644E2}.Release|x86.ActiveCfg = Release|Any CPU
		{B563A3A7-4BFF-4C2B-90CA-AB40EFA644E2}.Release|x86.Build.0 = Release|Any CPU
		{7368B6ED-92FA-453A-B11E-4695AF63A548}.Debug|Any CPU.ActiveCfg = Debug|Any CPU
		{7368B6ED-92FA-453A-B11E-4695AF63A548}.Debug|Any CPU.Build.0 = Debug|Any CPU
		{7368B6ED-92FA-453A-B11E-4695AF63A548}.Debug|x64.ActiveCfg = Debug|Any CPU
		{7368B6ED-92FA-453A-B11E-4695AF63A548}.Debug|x64.Build.0 = Debug|Any CPU
		{7368B6ED-92FA-453A-B11E-4695AF63A548}.Debug|x86.ActiveCfg = Debug|Any CPU
		{7368B6ED-92FA-453A-B11E-4695AF63A548}.Debug|x86.Build.0 = Debug|Any CPU
		{7368B6ED-92FA-453A-B11E-4695AF63A548}.Release|Any CPU.ActiveCfg = Release|Any CPU
		{7368B6ED-92FA-453A-B11E-4695AF63A548}.Release|Any CPU.Build.0 = Release|Any CPU
		{7368B6ED-92FA-453A-B11E-4695AF63A548}.Release|x64.ActiveCfg = Release|Any CPU
		{7368B6ED-92FA-453A-B11E-4695AF63A548}.Release|x64.Build.0 = Release|Any CPU
		{7368B6ED-92FA-453A-B11E-4695AF63A548}.Release|x86.ActiveCfg = Release|Any CPU
		{7368B6ED-92FA-453A-B11E-4695AF63A548}.Release|x86.Build.0 = Release|Any CPU
		{3980D837-0D88-49D4-BFD9-BF2EAC39D7CE}.Debug|Any CPU.ActiveCfg = Debug|Any CPU
		{3980D837-0D88-49D4-BFD9-BF2EAC39D7CE}.Debug|Any CPU.Build.0 = Debug|Any CPU
		{3980D837-0D88-49D4-BFD9-BF2EAC39D7CE}.Debug|x64.ActiveCfg = Debug|Any CPU
		{3980D837-0D88-49D4-BFD9-BF2EAC39D7CE}.Debug|x64.Build.0 = Debug|Any CPU
		{3980D837-0D88-49D4-BFD9-BF2EAC39D7CE}.Debug|x86.ActiveCfg = Debug|Any CPU
		{3980D837-0D88-49D4-BFD9-BF2EAC39D7CE}.Debug|x86.Build.0 = Debug|Any CPU
		{3980D837-0D88-49D4-BFD9-BF2EAC39D7CE}.Release|Any CPU.ActiveCfg = Release|Any CPU
		{3980D837-0D88-49D4-BFD9-BF2EAC39D7CE}.Release|Any CPU.Build.0 = Release|Any CPU
		{3980D837-0D88-49D4-BFD9-BF2EAC39D7CE}.Release|x64.ActiveCfg = Release|Any CPU
		{3980D837-0D88-49D4-BFD9-BF2EAC39D7CE}.Release|x64.Build.0 = Release|Any CPU
		{3980D837-0D88-49D4-BFD9-BF2EAC39D7CE}.Release|x86.ActiveCfg = Release|Any CPU
		{3980D837-0D88-49D4-BFD9-BF2EAC39D7CE}.Release|x86.Build.0 = Release|Any CPU
		{74D87B5C-23A3-446D-A812-61729625BFE1}.Debug|Any CPU.ActiveCfg = Debug|Any CPU
		{74D87B5C-23A3-446D-A812-61729625BFE1}.Debug|Any CPU.Build.0 = Debug|Any CPU
		{74D87B5C-23A3-446D-A812-61729625BFE1}.Debug|x64.ActiveCfg = Debug|Any CPU
		{74D87B5C-23A3-446D-A812-61729625BFE1}.Debug|x64.Build.0 = Debug|Any CPU
		{74D87B5C-23A3-446D-A812-61729625BFE1}.Debug|x86.ActiveCfg = Debug|Any CPU
		{74D87B5C-23A3-446D-A812-61729625BFE1}.Debug|x86.Build.0 = Debug|Any CPU
		{74D87B5C-23A3-446D-A812-61729625BFE1}.Release|Any CPU.ActiveCfg = Release|Any CPU
		{74D87B5C-23A3-446D-A812-61729625BFE1}.Release|Any CPU.Build.0 = Release|Any CPU
		{74D87B5C-23A3-446D-A812-61729625BFE1}.Release|x64.ActiveCfg = Release|Any CPU
		{74D87B5C-23A3-446D-A812-61729625BFE1}.Release|x64.Build.0 = Release|Any CPU
		{74D87B5C-23A3-446D-A812-61729625BFE1}.Release|x86.ActiveCfg = Release|Any CPU
		{74D87B5C-23A3-446D-A812-61729625BFE1}.Release|x86.Build.0 = Release|Any CPU
	EndGlobalSection
	GlobalSection(NestedProjects) = preSolution
		{F1E6978F-97D4-40DB-B1F8-72A84C864F1B} = {07F56D93-0444-4E4D-868A-6156B4412FAC}
		{2987D1E2-B050-4C7A-9074-1C0A8FB42E29} = {E73C605B-52EF-4235-8A37-0A6E415A1FE2}
		{B563A3A7-4BFF-4C2B-90CA-AB40EFA644E2} = {07F56D93-0444-4E4D-868A-6156B4412FAC}
		{7368B6ED-92FA-453A-B11E-4695AF63A548} = {07F56D93-0444-4E4D-868A-6156B4412FAC}
		{3980D837-0D88-49D4-BFD9-BF2EAC39D7CE} = {E73C605B-52EF-4235-8A37-0A6E415A1FE2}
		{74D87B5C-23A3-446D-A812-61729625BFE1} = {E73C605B-52EF-4235-8A37-0A6E415A1FE2}
	EndGlobalSection
EndGlobal
