
Microsoft Visual Studio Solution File, Format Version 12.00
# Visual Studio Version 16
VisualStudioVersion = 16.6.30114.105
MinimumVisualStudioVersion = 10.0.40219.1
Project("{2150E333-8FDC-42A3-9474-1A3956D46DE8}") = "src", "src", "{1BC8A077-8956-4699-B1DB-7030A46D6255}"
EndProject
Project("{FAE04EC0-301F-11D3-BF4B-00C04F79EFBC}") = "Processor", "src\Processor\Processor.csproj", "{041A8C5C-184B-4C95-B7A7-78737CB2EEBB}"
EndProject
Project("{2150E333-8FDC-42A3-9474-1A3956D46DE8}") = "test", "test", "{1E241BF3-C58D-459E-83EC-6BBFF2586132}"
EndProject
Project("{FAE04EC0-301F-11D3-BF4B-00C04F79EFBC}") = "Processor.Tests", "test\Processor.Tests\Processor.Tests.csproj", "{DB89CEEF-8860-4B2F-8FD9-B15D3B70E15A}"
EndProject
Global
	GlobalSection(SolutionConfigurationPlatforms) = preSolution
		Debug|Any CPU = Debug|Any CPU
		Debug|x64 = Debug|x64
		Debug|x86 = Debug|x86
		Release|Any CPU = Release|Any CPU
		Release|x64 = Release|x64
		Release|x86 = Release|x86
	EndGlobalSection
	GlobalSection(SolutionProperties) = preSolution
		HideSolutionNode = FALSE
	EndGlobalSection
	GlobalSection(ProjectConfigurationPlatforms) = postSolution
		{041A8C5C-184B-4C95-B7A7-78737CB2EEBB}.Debug|Any CPU.ActiveCfg = Debug|Any CPU
		{041A8C5C-184B-4C95-B7A7-78737CB2EEBB}.Debug|Any CPU.Build.0 = Debug|Any CPU
		{041A8C5C-184B-4C95-B7A7-78737CB2EEBB}.Debug|x64.ActiveCfg = Debug|Any CPU
		{041A8C5C-184B-4C95-B7A7-78737CB2EEBB}.Debug|x64.Build.0 = Debug|Any CPU
		{041A8C5C-184B-4C95-B7A7-78737CB2EEBB}.Debug|x86.ActiveCfg = Debug|Any CPU
		{041A8C5C-184B-4C95-B7A7-78737CB2EEBB}.Debug|x86.Build.0 = Debug|Any CPU
		{041A8C5C-184B-4C95-B7A7-78737CB2EEBB}.Release|Any CPU.ActiveCfg = Release|Any CPU
		{041A8C5C-184B-4C95-B7A7-78737CB2EEBB}.Release|Any CPU.Build.0 = Release|Any CPU
		{041A8C5C-184B-4C95-B7A7-78737CB2EEBB}.Release|x64.ActiveCfg = Release|Any CPU
		{041A8C5C-184B-4C95-B7A7-78737CB2EEBB}.Release|x64.Build.0 = Release|Any CPU
		{041A8C5C-184B-4C95-B7A7-78737CB2EEBB}.Release|x86.ActiveCfg = Release|Any CPU
		{041A8C5C-184B-4C95-B7A7-78737CB2EEBB}.Release|x86.Build.0 = Release|Any CPU
		{DB89CEEF-8860-4B2F-8FD9-B15D3B70E15A}.Debug|Any CPU.ActiveCfg = Debug|Any CPU
		{DB89CEEF-8860-4B2F-8FD9-B15D3B70E15A}.Debug|Any CPU.Build.0 = Debug|Any CPU
		{DB89CEEF-8860-4B2F-8FD9-B15D3B70E15A}.Debug|x64.ActiveCfg = Debug|Any CPU
		{DB89CEEF-8860-4B2F-8FD9-B15D3B70E15A}.Debug|x64.Build.0 = Debug|Any CPU
		{DB89CEEF-8860-4B2F-8FD9-B15D3B70E15A}.Debug|x86.ActiveCfg = Debug|Any CPU
		{DB89CEEF-8860-4B2F-8FD9-B15D3B70E15A}.Debug|x86.Build.0 = Debug|Any CPU
		{DB89CEEF-8860-4B2F-8FD9-B15D3B70E15A}.Release|Any CPU.ActiveCfg = Release|Any CPU
		{DB89CEEF-8860-4B2F-8FD9-B15D3B70E15A}.Release|Any CPU.Build.0 = Release|Any CPU
		{DB89CEEF-8860-4B2F-8FD9-B15D3B70E15A}.Release|x64.ActiveCfg = Release|Any CPU
		{DB89CEEF-8860-4B2F-8FD9-B15D3B70E15A}.Release|x64.Build.0 = Release|Any CPU
		{DB89CEEF-8860-4B2F-8FD9-B15D3B70E15A}.Release|x86.ActiveCfg = Release|Any CPU
		{DB89CEEF-8860-4B2F-8FD9-B15D3B70E15A}.Release|x86.Build.0 = Release|Any CPU
	EndGlobalSection
	GlobalSection(NestedProjects) = preSolution
		{041A8C5C-184B-4C95-B7A7-78737CB2EEBB} = {1BC8A077-8956-4699-B1DB-7030A46D6255}
		{DB89CEEF-8860-4B2F-8FD9-B15D3B70E15A} = {1E241BF3-C58D-459E-83EC-6BBFF2586132}
	EndGlobalSection
EndGlobal
