
Microsoft Visual Studio Solution File, Format Version 12.00
# Visual Studio Version 16
VisualStudioVersion = 16.6.30114.105
MinimumVisualStudioVersion = 10.0.40219.1
Project("{2150E333-8FDC-42A3-9474-1A3956D46DE8}") = "src", "src", "{051C1CDE-7229-4CE1-9CE7-F8D69E50D492}"
EndProject
Project("{FAE04EC0-301F-11D3-BF4B-00C04F79EFBC}") = "Deploy", "src\Deploy\Deploy.csproj", "{AB1E2412-44D4-4EDB-8086-1FE9AB44E630}"
EndProject
Project("{2150E333-8FDC-42A3-9474-1A3956D46DE8}") = "test", "test", "{E24E610A-4175-433D-8D41-58D418FDB824}"
EndProject
Project("{FAE04EC0-301F-11D3-BF4B-00C04F79EFBC}") = "Deploy.Tests", "test\Deploy.Tests\Deploy.Tests.csproj", "{1240677B-A776-4DEF-BB0A-F8B790F8F7F0}"
EndProject
Global
	GlobalSection(SolutionConfigurationPlatforms) = preSolution
		Debug|Any CPU = Debug|Any CPU
		Debug|x64 = Debug|x64
		Debug|x86 = Debug|x86
		Release|Any CPU = Release|Any CPU
		Release|x64 = Release|x64
		Release|x86 = Release|x86
	EndGlobalSection
	GlobalSection(SolutionProperties) = preSolution
		HideSolutionNode = FALSE
	EndGlobalSection
	GlobalSection(ProjectConfigurationPlatforms) = postSolution
		{AB1E2412-44D4-4EDB-8086-1FE9AB44E630}.Debug|Any CPU.ActiveCfg = Debug|Any CPU
		{AB1E2412-44D4-4EDB-8086-1FE9AB44E630}.Debug|Any CPU.Build.0 = Debug|Any CPU
		{AB1E2412-44D4-4EDB-8086-1FE9AB44E630}.Debug|x64.ActiveCfg = Debug|Any CPU
		{AB1E2412-44D4-4EDB-8086-1FE9AB44E630}.Debug|x64.Build.0 = Debug|Any CPU
		{AB1E2412-44D4-4EDB-8086-1FE9AB44E630}.Debug|x86.ActiveCfg = Debug|Any CPU
		{AB1E2412-44D4-4EDB-8086-1FE9AB44E630}.Debug|x86.Build.0 = Debug|Any CPU
		{AB1E2412-44D4-4EDB-8086-1FE9AB44E630}.Release|Any CPU.ActiveCfg = Release|Any CPU
		{AB1E2412-44D4-4EDB-8086-1FE9AB44E630}.Release|Any CPU.Build.0 = Release|Any CPU
		{AB1E2412-44D4-4EDB-8086-1FE9AB44E630}.Release|x64.ActiveCfg = Release|Any CPU
		{AB1E2412-44D4-4EDB-8086-1FE9AB44E630}.Release|x64.Build.0 = Release|Any CPU
		{AB1E2412-44D4-4EDB-8086-1FE9AB44E630}.Release|x86.ActiveCfg = Release|Any CPU
		{AB1E2412-44D4-4EDB-8086-1FE9AB44E630}.Release|x86.Build.0 = Release|Any CPU
		{1240677B-A776-4DEF-BB0A-F8B790F8F7F0}.Debug|Any CPU.ActiveCfg = Debug|Any CPU
		{1240677B-A776-4DEF-BB0A-F8B790F8F7F0}.Debug|Any CPU.Build.0 = Debug|Any CPU
		{1240677B-A776-4DEF-BB0A-F8B790F8F7F0}.Debug|x64.ActiveCfg = Debug|Any CPU
		{1240677B-A776-4DEF-BB0A-F8B790F8F7F0}.Debug|x64.Build.0 = Debug|Any CPU
		{1240677B-A776-4DEF-BB0A-F8B790F8F7F0}.Debug|x86.ActiveCfg = Debug|Any CPU
		{1240677B-A776-4DEF-BB0A-F8B790F8F7F0}.Debug|x86.Build.0 = Debug|Any CPU
		{1240677B-A776-4DEF-BB0A-F8B790F8F7F0}.Release|Any CPU.ActiveCfg = Release|Any CPU
		{1240677B-A776-4DEF-BB0A-F8B790F8F7F0}.Release|Any CPU.Build.0 = Release|Any CPU
		{1240677B-A776-4DEF-BB0A-F8B790F8F7F0}.Release|x64.ActiveCfg = Release|Any CPU
		{1240677B-A776-4DEF-BB0A-F8B790F8F7F0}.Release|x64.Build.0 = Release|Any CPU
		{1240677B-A776-4DEF-BB0A-F8B790F8F7F0}.Release|x86.ActiveCfg = Release|Any CPU
		{1240677B-A776-4DEF-BB0A-F8B790F8F7F0}.Release|x86.Build.0 = Release|Any CPU
	EndGlobalSection
	GlobalSection(NestedProjects) = preSolution
		{AB1E2412-44D4-4EDB-8086-1FE9AB44E630} = {051C1CDE-7229-4CE1-9CE7-F8D69E50D492}
		{1240677B-A776-4DEF-BB0A-F8B790F8F7F0} = {E24E610A-4175-433D-8D41-58D418FDB824}
	EndGlobalSection
EndGlobal
